Microsoft Visual Studio Solution File, Format Version 12.00
# Visual Studio Version 17
VisualStudioVersion = 17.8.34309.116
MinimumVisualStudioVersion = 10.0.40219.1
Project("{FAE04EC0-301F-11D3-BF4B-00C04F79EFBC}") = "LicenseManager", "LicenseManager\LicenseManager.csproj", "{F101B7AF-2B0E-4C59-9000-3D49A86EA2D7}"
EndProject
Project("{FAE04EC0-301F-11D3-BF4B-00C04F79EFBC}") = "LicenseManager.Core", "LicenseManager.Core\LicenseManager.Core.csproj", "{75EC3916-E160-4727-B4B0-02E0A5ADE1CA}"
EndProject
Project("{FAE04EC0-301F-11D3-BF4B-00C04F79EFBC}") = "LicenseServer", "LicenseServer\LicenseServer.csproj", "{3A1E71CB-D95D-4752-B214-B7534B735D4B}"
EndProject
Global
GlobalSection(SolutionConfigurationPlatforms) = preSolution
Debug|Any CPU = Debug|Any CPU
Release|Any CPU = Release|Any CPU
EndGlobalSection
GlobalSection(ProjectConfigurationPlatforms) = postSolution
{F101B7AF-2B0E-4C59-9000-3D49A86EA2D7}.Debug|Any CPU.ActiveCfg = Debug|Any CPU
{F101B7AF-2B0E-4C59-9000-3D49A86EA2D7}.Debug|Any CPU.Build.0 = Debug|Any CPU
{F101B7AF-2B0E-4C59-9000-3D49A86EA2D7}.Release|Any CPU.ActiveCfg = Release|Any CPU
{F101B7AF-2B0E-4C59-9000-3D49A86EA2D7}.Release|Any CPU.Build.0 = Release|Any CPU
{75EC3916-E160-4727-B4B0-02E0A5ADE1CA}.Debug|Any CPU.ActiveCfg = Debug|Any CPU
{75EC3916-E160-4727-B4B0-02E0A5ADE1CA}.Debug|Any CPU.Build.0 = Debug|Any CPU
{75EC3916-E160-4727-B4B0-02E0A5ADE1CA}.Release|Any CPU.ActiveCfg = Release|Any CPU
{75EC3916-E160-4727-B4B0-02E0A5ADE1CA}.Release|Any CPU.Build.0 = Release|Any CPU
{3A1E71CB-D95D-4752-B214-B7534B735D4B}.Debug|Any CPU.ActiveCfg = Debug|Any CPU
{3A1E71CB-D95D-4752-B214-B7534B735D4B}.Debug|Any CPU.Build.0 = Debug|Any CPU
{3A1E71CB-D95D-4752-B214-B7534B735D4B}.Release|Any CPU.ActiveCfg = Release|Any CPU
{3A1E71CB-D95D-4752-B214-B7534B735D4B}.Release|Any CPU.Build.0 = Release|Any CPU
EndGlobalSection
EndGlobal
